
Microsoft Visual Studio Solution File, Format Version 12.00
# Visual Studio Version 17
VisualStudioVersion = 17.11.35327.3
MinimumVisualStudioVersion = 10.0.40219.1
Project("{FAE04EC0-301F-11D3-BF4B-00C04F79EFBC}") = "SortingDemo", "SortingDemo\SortingDemo.csproj", "{4084844A-2B95-45CC-B771-C94C9B149EDB}"
EndProject
Global
	GlobalSection(SolutionConfigurationPlatforms) = preSolution
		Debug|Any CPU = Debug|Any CPU
		Release|Any CPU = Release|Any CPU
	EndGlobalSection
	GlobalSection(ProjectConfigurationPlatforms) = postSolution
		{4084844A-2B95-45CC-B771-C94C9B149EDB}.Debug|Any CPU.ActiveCfg = Debug|Any CPU
		{4084844A-2B95-45CC-B771-C94C9B149EDB}.Debug|Any CPU.Build.0 = Debug|Any CPU
		{4084844A-2B95-45CC-B771-C94C9B149EDB}.Release|Any CPU.ActiveCfg = Release|Any CPU
		{4084844A-2B95-45CC-B771-C94C9B149EDB}.Release|Any CPU.Build.0 = Release|Any CPU
	EndGlobalSection
	GlobalSection(SolutionProperties) = preSolution
		HideSolutionNode = FALSE
	EndGlobalSection
	GlobalSection(ExtensibilityGlobals) = postSolution
		SolutionGuid = {C5B0A245-A1FB-47F7-88FE-1573AC412AAF}
	EndGlobalSection
EndGlobal
